
Microsoft Visual Studio Solution File, Format Version 12.00
# Visual Studio Version 16
VisualStudioVersion = 16.0.30523.141
MinimumVisualStudioVersion = 10.0.40219.1
Project("{FAE04EC0-301F-11D3-BF4B-00C04F79EFBC}") = "Calian_Claudiu_lab2", "Calian_Claudiu_lab2\Calian_Claudiu_lab2.csproj", "{ACD31509-9719-43C8-A47C-84C9C92EE672}"
EndProject
Global
	GlobalSection(SolutionConfigurationPlatforms) = preSolution
		Debug|Any CPU = Debug|Any CPU
		Release|Any CPU = Release|Any CPU
	EndGlobalSection
	GlobalSection(ProjectConfigurationPlatforms) = postSolution
		{ACD31509-9719-43C8-A47C-84C9C92EE672}.Debug|Any CPU.ActiveCfg = Debug|Any CPU
		{ACD31509-9719-43C8-A47C-84C9C92EE672}.Debug|Any CPU.Build.0 = Debug|Any CPU
		{ACD31509-9719-43C8-A47C-84C9C92EE672}.Release|Any CPU.ActiveCfg = Release|Any CPU
		{ACD31509-9719-43C8-A47C-84C9C92EE672}.Release|Any CPU.Build.0 = Release|Any CPU
	EndGlobalSection
	GlobalSection(SolutionProperties) = preSolution
		HideSolutionNode = FALSE
	EndGlobalSection
	GlobalSection(ExtensibilityGlobals) = postSolution
		SolutionGuid = {417ACDE2-0615-49DD-88CE-EF7A6C185FC7}
	EndGlobalSection
EndGlobal
